
Microsoft Visual Studio Solution File, Format Version 12.00
# Visual Studio Version 17
VisualStudioVersion = 17.0.31903.59
MinimumVisualStudioVersion = 10.0.40219.1
Project("{FAE04EC0-301F-11D3-BF4B-00C04F79EFBC}") = "WmhLms.Api", "WmhLms.Api\WmhLms.Api.csproj", "{D1001AAB-9CEF-4DF3-ACC7-DCD5A5E074F2}"
EndProject
Project("{FAE04EC0-301F-11D3-BF4B-00C04F79EFBC}") = "WmhLms.Core", "WmhLms.Core\WmhLms.Core.csproj", "{6F232731-8E24-4BA0-BCDD-8E7DBBC0D531}"
EndProject
Project("{FAE04EC0-301F-11D3-BF4B-00C04F79EFBC}") = "WmhLms.Data", "WmhLms.Data\WmhLms.Data.csproj", "{ABD37198-1213-48DB-9D9E-2E76E6343490}"
EndProject
Project("{FAE04EC0-301F-11D3-BF4B-00C04F79EFBC}") = "WmhLms.Tests", "WmhLms.Tests\WmhLms.Tests.csproj", "{4728E51B-8BE5-4966-ADEB-59CADB4146DD}"
EndProject
Global
	GlobalSection(SolutionConfigurationPlatforms) = preSolution
		Debug|Any CPU = Debug|Any CPU
		Debug|x64 = Debug|x64
		Debug|x86 = Debug|x86
		Release|Any CPU = Release|Any CPU
		Release|x64 = Release|x64
		Release|x86 = Release|x86
	EndGlobalSection
	GlobalSection(ProjectConfigurationPlatforms) = postSolution
		{D1001AAB-9CEF-4DF3-ACC7-DCD5A5E074F2}.Debug|Any CPU.ActiveCfg = Debug|Any CPU
		{D1001AAB-9CEF-4DF3-ACC7-DCD5A5E074F2}.Debug|Any CPU.Build.0 = Debug|Any CPU
		{D1001AAB-9CEF-4DF3-ACC7-DCD5A5E074F2}.Debug|x64.ActiveCfg = Debug|Any CPU
		{D1001AAB-9CEF-4DF3-ACC7-DCD5A5E074F2}.Debug|x64.Build.0 = Debug|Any CPU
		{D1001AAB-9CEF-4DF3-ACC7-DCD5A5E074F2}.Debug|x86.ActiveCfg = Debug|Any CPU
		{D1001AAB-9CEF-4DF3-ACC7-DCD5A5E074F2}.Debug|x86.Build.0 = Debug|Any CPU
		{D1001AAB-9CEF-4DF3-ACC7-DCD5A5E074F2}.Release|Any CPU.ActiveCfg = Release|Any CPU
		{D1001AAB-9CEF-4DF3-ACC7-DCD5A5E074F2}.Release|Any CPU.Build.0 = Release|Any CPU
		{D1001AAB-9CEF-4DF3-ACC7-DCD5A5E074F2}.Release|x64.ActiveCfg = Release|Any CPU
		{D1001AAB-9CEF-4DF3-ACC7-DCD5A5E074F2}.Release|x64.Build.0 = Release|Any CPU
		{D1001AAB-9CEF-4DF3-ACC7-DCD5A5E074F2}.Release|x86.ActiveCfg = Release|Any CPU
		{D1001AAB-9CEF-4DF3-ACC7-DCD5A5E074F2}.Release|x86.Build.0 = Release|Any CPU
		{6F232731-8E24-4BA0-BCDD-8E7DBBC0D531}.Debug|Any CPU.ActiveCfg = Debug|Any CPU
		{6F232731-8E24-4BA0-BCDD-8E7DBBC0D531}.Debug|Any CPU.Build.0 = Debug|Any CPU
		{6F232731-8E24-4BA0-BCDD-8E7DBBC0D531}.Debug|x64.ActiveCfg = Debug|Any CPU
		{6F232731-8E24-4BA0-BCDD-8E7DBBC0D531}.Debug|x64.Build.0 = Debug|Any CPU
		{6F232731-8E24-4BA0-BCDD-8E7DBBC0D531}.Debug|x86.ActiveCfg = Debug|Any CPU
		{6F232731-8E24-4BA0-BCDD-8E7DBBC0D531}.Debug|x86.Build.0 = Debug|Any CPU
		{6F232731-8E24-4BA0-BCDD-8E7DBBC0D531}.Release|Any CPU.ActiveCfg = Release|Any CPU
		{6F232731-8E24-4BA0-BCDD-8E7DBBC0D531}.Release|Any CPU.Build.0 = Release|Any CPU
		{6F232731-8E24-4BA0-BCDD-8E7DBBC0D531}.Release|x64.ActiveCfg = Release|Any CPU
		{6F232731-8E24-4BA0-BCDD-8E7DBBC0D531}.Release|x64.Build.0 = Release|Any CPU
		{6F232731-8E24-4BA0-BCDD-8E7DBBC0D531}.Release|x86.ActiveCfg = Release|Any CPU
		{6F232731-8E24-4BA0-BCDD-8E7DBBC0D531}.Release|x86.Build.0 = Release|Any CPU
		{ABD37198-1213-48DB-9D9E-2E76E6343490}.Debug|Any CPU.ActiveCfg = Debug|Any CPU
		{ABD37198-1213-48DB-9D9E-2E76E6343490}.Debug|Any CPU.Build.0 = Debug|Any CPU
		{ABD37198-1213-48DB-9D9E-2E76E6343490}.Debug|x64.ActiveCfg = Debug|Any CPU
		{ABD37198-1213-48DB-9D9E-2E76E6343490}.Debug|x64.Build.0 = Debug|Any CPU
		{ABD37198-1213-48DB-9D9E-2E76E6343490}.Debug|x86.ActiveCfg = Debug|Any CPU
		{ABD37198-1213-48DB-9D9E-2E76E6343490}.Debug|x86.Build.0 = Debug|Any CPU
		{ABD37198-1213-48DB-9D9E-2E76E6343490}.Release|Any CPU.ActiveCfg = Release|Any CPU
		{ABD37198-1213-48DB-9D9E-2E76E6343490}.Release|Any CPU.Build.0 = Release|Any CPU
		{ABD37198-1213-48DB-9D9E-2E76E6343490}.Release|x64.ActiveCfg = Release|Any CPU
		{ABD37198-1213-48DB-9D9E-2E76E6343490}.Release|x64.Build.0 = Release|Any CPU
		{ABD37198-1213-48DB-9D9E-2E76E6343490}.Release|x86.ActiveCfg = Release|Any CPU
		{ABD37198-1213-48DB-9D9E-2E76E6343490}.Release|x86.Build.0 = Release|Any CPU
		{4728E51B-8BE5-4966-ADEB-59CADB4146DD}.Debug|Any CPU.ActiveCfg = Debug|Any CPU
		{4728E51B-8BE5-4966-ADEB-59CADB4146DD}.Debug|Any CPU.Build.0 = Debug|Any CPU
		{4728E51B-8BE5-4966-ADEB-59CADB4146DD}.Debug|x64.ActiveCfg = Debug|Any CPU
		{4728E51B-8BE5-4966-ADEB-59CADB4146DD}.Debug|x64.Build.0 = Debug|Any CPU
		{4728E51B-8BE5-4966-ADEB-59CADB4146DD}.Debug|x86.ActiveCfg = Debug|Any CPU
		{4728E51B-8BE5-4966-ADEB-59CADB4146DD}.Debug|x86.Build.0 = Debug|Any CPU
		{4728E51B-8BE5-4966-ADEB-59CADB4146DD}.Release|Any CPU.ActiveCfg = Release|Any CPU
		{4728E51B-8BE5-4966-ADEB-59CADB4146DD}.Release|Any CPU.Build.0 = Release|Any CPU
		{4728E51B-8BE5-4966-ADEB-59CADB4146DD}.Release|x64.ActiveCfg = Release|Any CPU
		{4728E51B-8BE5-4966-ADEB-59CADB4146DD}.Release|x64.Build.0 = Release|Any CPU
		{4728E51B-8BE5-4966-ADEB-59CADB4146DD}.Release|x86.ActiveCfg = Release|Any CPU
		{4728E51B-8BE5-4966-ADEB-59CADB4146DD}.Release|x86.Build.0 = Release|Any CPU
	EndGlobalSection
	GlobalSection(SolutionProperties) = preSolution
		HideSolutionNode = FALSE
	EndGlobalSection
EndGlobal
